
Microsoft Visual Studio Solution File, Format Version 12.00
# Visual Studio 15
VisualStudioVersion = 15.0.28307.1022
MinimumVisualStudioVersion = 10.0.40219.1
Project("{FAE04EC0-301F-11D3-BF4B-00C04F79EFBC}") = "BFS", "BFS\BFS.csproj", "{468E5FB3-2BC6-4799-8338-E8F1E29C24BB}"
EndProject
Global
	GlobalSection(SolutionConfigurationPlatforms) = preSolution
		Debug|Any CPU = Debug|Any CPU
		Release|Any CPU = Release|Any CPU
	EndGlobalSection
	GlobalSection(ProjectConfigurationPlatforms) = postSolution
		{468E5FB3-2BC6-4799-8338-E8F1E29C24BB}.Debug|Any CPU.ActiveCfg = Debug|Any CPU
		{468E5FB3-2BC6-4799-8338-E8F1E29C24BB}.Debug|Any CPU.Build.0 = Debug|Any CPU
		{468E5FB3-2BC6-4799-8338-E8F1E29C24BB}.Release|Any CPU.ActiveCfg = Release|Any CPU
		{468E5FB3-2BC6-4799-8338-E8F1E29C24BB}.Release|Any CPU.Build.0 = Release|Any CPU
	EndGlobalSection
	GlobalSection(SolutionProperties) = preSolution
		HideSolutionNode = FALSE
	EndGlobalSection
	GlobalSection(ExtensibilityGlobals) = postSolution
		SolutionGuid = {C6AD38C6-EDCC-4753-9587-4A464759FFEF}
	EndGlobalSection
EndGlobal
